{
  "beacon.nvim": { "branch": "master", "commit": "098ff96c33874339d5e61656f3050dbd587d6bd5" },
  "catppuccin": { "branch": "main", "commit": "10eda02ea4faa7d1f94e77a3410a4ae91c25c5f5" },
  "cellular-automaton.nvim": { "branch": "main", "commit": "11aea08aa084f9d523b0142c2cd9441b8ede09ed" },
  "copilot.lua": { "branch": "master", "commit": "86537b286f18783f8b67bccd78a4ef4345679625" },
  "dial.nvim": { "branch": "master", "commit": "ed4d6a5bbd5e479b4c4a3019d148561a2e6c1490" },
  "fzf-lua": { "branch": "main", "commit": "81e7345697d65f6083c681995d230b2d73492233" },
  "gitsigns.nvim": { "branch": "main", "commit": "f074844b60f9e151970fbcdbeb8a2cd52b6ef25a" },
  "guess-indent.nvim": { "branch": "main", "commit": "6cd61f7a600bb756e558627cd2e740302c58e32d" },
  "headlines.nvim": { "branch": "master", "commit": "618ef1b2502c565c82254ef7d5b04402194d9ce3" },
  "indent-blankline.nvim": { "branch": "master", "commit": "65e20ab94a26d0e14acac5049b8641336819dfc7" },
  "lazy.nvim": { "branch": "main", "commit": "077102c5bfc578693f12377846d427f49bc50076" },
  "local-highlight.nvim": { "branch": "master", "commit": "ae3ada3a332128b1036c84c8587b9069891c63da" },
  "markdown-preview.nvim": { "branch": "master", "commit": "a923f5fc5ba36a3b17e289dc35dc17f66d0548ee" },
  "mini.bufremove": { "branch": "main", "commit": "1ee294a97e091d3cf967974df622c0d887890dc2" },
  "mini.jump": { "branch": "main", "commit": "795f26e6640589382c277cffa494bda0a127bef4" },
  "nvim-highlight-colors": { "branch": "main", "commit": "a8f6952cb1ff7bde864a34c502f1a42c360a6662" },
  "nvim-luapad": { "branch": "master", "commit": "176686eb616a5ada5dfc748f2b5109194bbe8a71" },
  "nvim-treesitter": { "branch": "master", "commit": "1899c8c8ec98dee5c61da4c98b3e989c8ef840d1" },
  "nvim-treesitter-endwise": { "branch": "master", "commit": "8b34305ffc28bd75a22f5a0a9928ee726a85c9a6" },
  "nvim-ts-autotag": { "branch": "main", "commit": "dc5e1687ab76ee02e0f11c5ce137f530b36e98b3" },
  "nvim-web-devicons": { "branch": "master", "commit": "9763790f68d37b44457a434920ffeb0b97949e12" },
  "oil.nvim": { "branch": "master", "commit": "fcca212c2e966fc3dec1d4baf888e670631d25d1" },
  "orgmode": { "branch": "master", "commit": "de02a0cfbe3484accb73025b6dd71b2cc4ae3eff" },
  "plenary.nvim": { "branch": "master", "commit": "a3e3bc82a3f95c5ed0d7201546d5d2c19b20d683" },
  "schemastore.nvim": { "branch": "main", "commit": "bb73383589c0aab431a100a014eed6cb0e1b3832" },
  "scrollEOF.nvim": { "branch": "master", "commit": "38fd5880021e90c15dc61fa325f714bd8077f0a6" },
  "symbol-usage.nvim": { "branch": "main", "commit": "533846260d3d053aebbf224617cc5294c219a8b1" },
  "tiny-devicons-auto-colors.nvim": { "branch": "main", "commit": "9be4af5b1bc1f26a11206ed7ce8bf44312e7941a" },
  "treesj": { "branch": "main", "commit": "275f83c81a5a1f5ae23c1eac30c4ac28beebbca2" },
  "ultimate-autopair.nvim": { "branch": "v0.6", "commit": "0a501a22b587cc98531fcb617bf8cda29cb2dc11" },
  "vim-cool": { "branch": "master", "commit": "662e7b11064cbeedad17c45d2fe926e78d3cd0b6" },
  "vim-easy-align": { "branch": "master", "commit": "9815a55dbcd817784458df7a18acacc6f82b1241" },
  "vim-fugitive": { "branch": "master", "commit": "0444df68cd1cdabc7453d6bd84099458327e5513" },
  "vim-rhubarb": { "branch": "master", "commit": "ee69335de176d9325267b0fd2597a22901d927b1" },
  "vim-table-mode": { "branch": "master", "commit": "e4365bde024f73e205eefa2fb78e3029ddb92ea9" },
  "vim-wakatime": { "branch": "master", "commit": "53bba6bb8342de9cbdafc82142a9b5e82008d858" }
}
