{
  "beacon.nvim": { "branch": "master", "commit": "098ff96c33874339d5e61656f3050dbd587d6bd5" },
  "catppuccin": { "branch": "main", "commit": "f8564054831b45bac52f91bb8d12c68631b13e1a" },
  "cellular-automaton.nvim": { "branch": "main", "commit": "11aea08aa084f9d523b0142c2cd9441b8ede09ed" },
  "copilot.lua": { "branch": "master", "commit": "86537b286f18783f8b67bccd78a4ef4345679625" },
  "dial.nvim": { "branch": "master", "commit": "ed4d6a5bbd5e479b4c4a3019d148561a2e6c1490" },
  "fzf-lua": { "branch": "main", "commit": "f3e630cdbd5da1a8252d970f90aa85626593affd" },
  "gitsigns.nvim": { "branch": "main", "commit": "562dc47189ad3c8696dbf460d38603a74d544849" },
  "guess-indent.nvim": { "branch": "main", "commit": "6cd61f7a600bb756e558627cd2e740302c58e32d" },
  "headlines.nvim": { "branch": "master", "commit": "618ef1b2502c565c82254ef7d5b04402194d9ce3" },
  "indent-blankline.nvim": { "branch": "master", "commit": "dddb5d21811c319eb6e51a993d8fb44b193aae3f" },
  "lazy.nvim": { "branch": "main", "commit": "077102c5bfc578693f12377846d427f49bc50076" },
  "local-highlight.nvim": { "branch": "master", "commit": "ae3ada3a332128b1036c84c8587b9069891c63da" },
  "markdown-preview.nvim": { "branch": "master", "commit": "a923f5fc5ba36a3b17e289dc35dc17f66d0548ee" },
  "mini.bufremove": { "branch": "main", "commit": "1ee294a97e091d3cf967974df622c0d887890dc2" },
  "mini.jump": { "branch": "main", "commit": "795f26e6640589382c277cffa494bda0a127bef4" },
  "nvim-highlight-colors": { "branch": "main", "commit": "a411550ef85cae467b889ba7d1a96bd78332d90e" },
  "nvim-luapad": { "branch": "master", "commit": "176686eb616a5ada5dfc748f2b5109194bbe8a71" },
  "nvim-treesitter": { "branch": "main", "commit": "5e6da5658a92588cc735f348c2ba2c3898089ea3" },
  "nvim-ts-autotag": { "branch": "main", "commit": "dc5e1687ab76ee02e0f11c5ce137f530b36e98b3" },
  "nvim-web-devicons": { "branch": "master", "commit": "9763790f68d37b44457a434920ffeb0b97949e12" },
  "oil.nvim": { "branch": "master", "commit": "fcca212c2e966fc3dec1d4baf888e670631d25d1" },
  "orgmode": { "branch": "master", "commit": "de02a0cfbe3484accb73025b6dd71b2cc4ae3eff" },
  "plenary.nvim": { "branch": "master", "commit": "a3e3bc82a3f95c5ed0d7201546d5d2c19b20d683" },
  "rose-pine": { "branch": "main", "commit": "1e45cea06db866143930a6df96fc66bf715c866c" },
  "schemastore.nvim": { "branch": "main", "commit": "6ba091a30616aadeda531c7f27dfad263303f55d" },
  "scrollEOF.nvim": { "branch": "master", "commit": "38fd5880021e90c15dc61fa325f714bd8077f0a6" },
  "symbol-usage.nvim": { "branch": "main", "commit": "533846260d3d053aebbf224617cc5294c219a8b1" },
  "tiny-devicons-auto-colors.nvim": { "branch": "main", "commit": "9be4af5b1bc1f26a11206ed7ce8bf44312e7941a" },
  "tokyonight.nvim": { "branch": "main", "commit": "b0e7c7382a7e8f6456f2a95655983993ffda745e" },
  "treesj": { "branch": "main", "commit": "0d81326b5afd36babe7dd480aabbb0b05f33e688" },
  "ultimate-autopair.nvim": { "branch": "v0.6", "commit": "1420fb9e07b1d80cc6d87e7d90827fb2c1109cb3" },
  "vim-cool": { "branch": "master", "commit": "662e7b11064cbeedad17c45d2fe926e78d3cd0b6" },
  "vim-easy-align": { "branch": "master", "commit": "9815a55dbcd817784458df7a18acacc6f82b1241" },
  "vim-fugitive": { "branch": "master", "commit": "0444df68cd1cdabc7453d6bd84099458327e5513" },
  "vim-rhubarb": { "branch": "master", "commit": "ee69335de176d9325267b0fd2597a22901d927b1" },
  "vim-table-mode": { "branch": "master", "commit": "e4365bde024f73e205eefa2fb78e3029ddb92ea9" },
  "vim-wakatime": { "branch": "master", "commit": "53bba6bb8342de9cbdafc82142a9b5e82008d858" }
}
